
Microsoft Visual Studio Solution File, Format Version 12.00
# Visual Studio Version 16
VisualStudioVersion = 16.0.30309.148
MinimumVisualStudioVersion = 10.0.40219.1
Project("{FAE04EC0-301F-11D3-BF4B-00C04F79EFBC}") = "PoinandMovablePoint", "PoinandMovablePoint.csproj", "{C820DD46-A712-4A3F-B0A0-302A9148FAA5}"
EndProject
Global
	GlobalSection(SolutionConfigurationPlatforms) = preSolution
		Debug|Any CPU = Debug|Any CPU
		Release|Any CPU = Release|Any CPU
	EndGlobalSection
	GlobalSection(ProjectConfigurationPlatforms) = postSolution
		{C820DD46-A712-4A3F-B0A0-302A9148FAA5}.Debug|Any CPU.ActiveCfg = Debug|Any CPU
		{C820DD46-A712-4A3F-B0A0-302A9148FAA5}.Debug|Any CPU.Build.0 = Debug|Any CPU
		{C820DD46-A712-4A3F-B0A0-302A9148FAA5}.Release|Any CPU.ActiveCfg = Release|Any CPU
		{C820DD46-A712-4A3F-B0A0-302A9148FAA5}.Release|Any CPU.Build.0 = Release|Any CPU
	EndGlobalSection
	GlobalSection(SolutionProperties) = preSolution
		HideSolutionNode = FALSE
	EndGlobalSection
	GlobalSection(ExtensibilityGlobals) = postSolution
		SolutionGuid = {0F2C172E-8846-4294-9502-0B8C2A01B41D}
	EndGlobalSection
EndGlobal
