
Microsoft Visual Studio Solution File, Format Version 12.00
# Visual Studio Version 16
VisualStudioVersion = 16.0.30309.148
MinimumVisualStudioVersion = 10.0.40219.1
Project("{FAE04EC0-301F-11D3-BF4B-00C04F79EFBC}") = "CreateaMenu", "CreateaMenu.csproj", "{50AF2D0E-0796-4DE4-9189-5C0B3D32680D}"
EndProject
Global
	GlobalSection(SolutionConfigurationPlatforms) = preSolution
		Debug|Any CPU = Debug|Any CPU
		Release|Any CPU = Release|Any CPU
	EndGlobalSection
	GlobalSection(ProjectConfigurationPlatforms) = postSolution
		{50AF2D0E-0796-4DE4-9189-5C0B3D32680D}.Debug|Any CPU.ActiveCfg = Debug|Any CPU
		{50AF2D0E-0796-4DE4-9189-5C0B3D32680D}.Debug|Any CPU.Build.0 = Debug|Any CPU
		{50AF2D0E-0796-4DE4-9189-5C0B3D32680D}.Release|Any CPU.ActiveCfg = Release|Any CPU
		{50AF2D0E-0796-4DE4-9189-5C0B3D32680D}.Release|Any CPU.Build.0 = Release|Any CPU
	EndGlobalSection
	GlobalSection(SolutionProperties) = preSolution
		HideSolutionNode = FALSE
	EndGlobalSection
	GlobalSection(ExtensibilityGlobals) = postSolution
		SolutionGuid = {4211AD23-EA79-47CB-BA0A-C2015D92FDAE}
	EndGlobalSection
EndGlobal
