
Microsoft Visual Studio Solution File, Format Version 12.00
# Visual Studio Version 16
VisualStudioVersion = 16.0.30413.136
MinimumVisualStudioVersion = 10.0.40219.1
Project("{FAE04EC0-301F-11D3-BF4B-00C04F79EFBC}") = "Factory_Pattern_Practise", "Factory_Pattern_Practise\Factory_Pattern_Practise.csproj", "{127A0E1E-FC67-40A5-AD80-15B6FCA2F15C}"
EndProject
Project("{FAE04EC0-301F-11D3-BF4B-00C04F79EFBC}") = "ObjectPool_Pattern_Practise", "ObjectPool_Pattern_Practise\ObjectPool_Pattern_Practise.csproj", "{3B5D99E9-CDA1-4638-9429-C93EAB507575}"
EndProject
Project("{FAE04EC0-301F-11D3-BF4B-00C04F79EFBC}") = "SingleTon_Pattern_Practise", "SingleTon_Pattern_Practise\SingleTon_Pattern_Practise.csproj", "{F241674D-342D-4882-9725-3854291F9046}"
EndProject
Global
	GlobalSection(SolutionConfigurationPlatforms) = preSolution
		Debug|Any CPU = Debug|Any CPU
		Release|Any CPU = Release|Any CPU
	EndGlobalSection
	GlobalSection(ProjectConfigurationPlatforms) = postSolution
		{127A0E1E-FC67-40A5-AD80-15B6FCA2F15C}.Debug|Any CPU.ActiveCfg = Debug|Any CPU
		{127A0E1E-FC67-40A5-AD80-15B6FCA2F15C}.Debug|Any CPU.Build.0 = Debug|Any CPU
		{127A0E1E-FC67-40A5-AD80-15B6FCA2F15C}.Release|Any CPU.ActiveCfg = Release|Any CPU
		{127A0E1E-FC67-40A5-AD80-15B6FCA2F15C}.Release|Any CPU.Build.0 = Release|Any CPU
		{3B5D99E9-CDA1-4638-9429-C93EAB507575}.Debug|Any CPU.ActiveCfg = Debug|Any CPU
		{3B5D99E9-CDA1-4638-9429-C93EAB507575}.Debug|Any CPU.Build.0 = Debug|Any CPU
		{3B5D99E9-CDA1-4638-9429-C93EAB507575}.Release|Any CPU.ActiveCfg = Release|Any CPU
		{3B5D99E9-CDA1-4638-9429-C93EAB507575}.Release|Any CPU.Build.0 = Release|Any CPU
		{F241674D-342D-4882-9725-3854291F9046}.Debug|Any CPU.ActiveCfg = Debug|Any CPU
		{F241674D-342D-4882-9725-3854291F9046}.Debug|Any CPU.Build.0 = Debug|Any CPU
		{F241674D-342D-4882-9725-3854291F9046}.Release|Any CPU.ActiveCfg = Release|Any CPU
		{F241674D-342D-4882-9725-3854291F9046}.Release|Any CPU.Build.0 = Release|Any CPU
	EndGlobalSection
	GlobalSection(SolutionProperties) = preSolution
		HideSolutionNode = FALSE
	EndGlobalSection
	GlobalSection(ExtensibilityGlobals) = postSolution
		SolutionGuid = {3D514EBA-636F-4FC4-ABFB-763FD49B52F2}
	EndGlobalSection
EndGlobal
