
Microsoft Visual Studio Solution File, Format Version 12.00
# Visual Studio Version 16
VisualStudioVersion = 16.0.30406.217
MinimumVisualStudioVersion = 10.0.40219.1
Project("{FAE04EC0-301F-11D3-BF4B-00C04F79EFBC}") = "TryandFinally", "TryandFinally.csproj", "{95CE2A67-2911-4880-A30B-063E53D9DE7F}"
EndProject
Global
	GlobalSection(SolutionConfigurationPlatforms) = preSolution
		Debug|Any CPU = Debug|Any CPU
		Release|Any CPU = Release|Any CPU
	EndGlobalSection
	GlobalSection(ProjectConfigurationPlatforms) = postSolution
		{95CE2A67-2911-4880-A30B-063E53D9DE7F}.Debug|Any CPU.ActiveCfg = Debug|Any CPU
		{95CE2A67-2911-4880-A30B-063E53D9DE7F}.Debug|Any CPU.Build.0 = Debug|Any CPU
		{95CE2A67-2911-4880-A30B-063E53D9DE7F}.Release|Any CPU.ActiveCfg = Release|Any CPU
		{95CE2A67-2911-4880-A30B-063E53D9DE7F}.Release|Any CPU.Build.0 = Release|Any CPU
	EndGlobalSection
	GlobalSection(SolutionProperties) = preSolution
		HideSolutionNode = FALSE
	EndGlobalSection
	GlobalSection(ExtensibilityGlobals) = postSolution
		SolutionGuid = {B8839AF0-1AAE-4154-86E4-713DC1E6472B}
	EndGlobalSection
EndGlobal
