
Microsoft Visual Studio Solution File, Format Version 12.00
# Visual Studio Version 16
VisualStudioVersion = 16.0.30406.217
MinimumVisualStudioVersion = 10.0.40219.1
Project("{FAE04EC0-301F-11D3-BF4B-00C04F79EFBC}") = "ASP_bubble_sort", "ASP_bubble_sort.csproj", "{5A5056C9-EC45-42C5-96B0-70A2C5C7D411}"
EndProject
Global
	GlobalSection(SolutionConfigurationPlatforms) = preSolution
		Debug|Any CPU = Debug|Any CPU
		Release|Any CPU = Release|Any CPU
	EndGlobalSection
	GlobalSection(ProjectConfigurationPlatforms) = postSolution
		{5A5056C9-EC45-42C5-96B0-70A2C5C7D411}.Debug|Any CPU.ActiveCfg = Debug|Any CPU
		{5A5056C9-EC45-42C5-96B0-70A2C5C7D411}.Debug|Any CPU.Build.0 = Debug|Any CPU
		{5A5056C9-EC45-42C5-96B0-70A2C5C7D411}.Release|Any CPU.ActiveCfg = Release|Any CPU
		{5A5056C9-EC45-42C5-96B0-70A2C5C7D411}.Release|Any CPU.Build.0 = Release|Any CPU
	EndGlobalSection
	GlobalSection(SolutionProperties) = preSolution
		HideSolutionNode = FALSE
	EndGlobalSection
	GlobalSection(ExtensibilityGlobals) = postSolution
		SolutionGuid = {76791826-4C2C-46E2-9A3E-CE5AA96B8DBD}
	EndGlobalSection
EndGlobal
