
Microsoft Visual Studio Solution File, Format Version 12.00
# Visual Studio Version 16
VisualStudioVersion = 16.0.30406.217
MinimumVisualStudioVersion = 10.0.40219.1
Project("{FAE04EC0-301F-11D3-BF4B-00C04F79EFBC}") = "SampleSortedList", "SampleSortedList.csproj", "{A1A33C31-95EC-42D0-B328-DEFE342D4494}"
EndProject
Global
	GlobalSection(SolutionConfigurationPlatforms) = preSolution
		Debug|Any CPU = Debug|Any CPU
		Release|Any CPU = Release|Any CPU
	EndGlobalSection
	GlobalSection(ProjectConfigurationPlatforms) = postSolution
		{A1A33C31-95EC-42D0-B328-DEFE342D4494}.Debug|Any CPU.ActiveCfg = Debug|Any CPU
		{A1A33C31-95EC-42D0-B328-DEFE342D4494}.Debug|Any CPU.Build.0 = Debug|Any CPU
		{A1A33C31-95EC-42D0-B328-DEFE342D4494}.Release|Any CPU.ActiveCfg = Release|Any CPU
		{A1A33C31-95EC-42D0-B328-DEFE342D4494}.Release|Any CPU.Build.0 = Release|Any CPU
	EndGlobalSection
	GlobalSection(SolutionProperties) = preSolution
		HideSolutionNode = FALSE
	EndGlobalSection
	GlobalSection(ExtensibilityGlobals) = postSolution
		SolutionGuid = {07C8F5DA-35EC-4087-9331-90ADF5E6A3EC}
	EndGlobalSection
EndGlobal
