
Microsoft Visual Studio Solution File, Format Version 12.00
# Visual Studio Version 16
VisualStudioVersion = 16.0.30406.217
MinimumVisualStudioVersion = 10.0.40219.1
Project("{FAE04EC0-301F-11D3-BF4B-00C04F79EFBC}") = "Read_csvFile_Ex", "Read_csvFile_Ex.csproj", "{6B571A2D-F17D-4A62-BB0D-03E1236B3226}"
EndProject
Global
	GlobalSection(SolutionConfigurationPlatforms) = preSolution
		Debug|Any CPU = Debug|Any CPU
		Release|Any CPU = Release|Any CPU
	EndGlobalSection
	GlobalSection(ProjectConfigurationPlatforms) = postSolution
		{6B571A2D-F17D-4A62-BB0D-03E1236B3226}.Debug|Any CPU.ActiveCfg = Debug|Any CPU
		{6B571A2D-F17D-4A62-BB0D-03E1236B3226}.Debug|Any CPU.Build.0 = Debug|Any CPU
		{6B571A2D-F17D-4A62-BB0D-03E1236B3226}.Release|Any CPU.ActiveCfg = Release|Any CPU
		{6B571A2D-F17D-4A62-BB0D-03E1236B3226}.Release|Any CPU.Build.0 = Release|Any CPU
	EndGlobalSection
	GlobalSection(SolutionProperties) = preSolution
		HideSolutionNode = FALSE
	EndGlobalSection
	GlobalSection(ExtensibilityGlobals) = postSolution
		SolutionGuid = {B20705FC-C082-40BF-AFBA-4EA8E1C38B7F}
	EndGlobalSection
EndGlobal
