
Microsoft Visual Studio Solution File, Format Version 12.00
# Visual Studio Version 16
VisualStudioVersion = 16.0.30309.148
MinimumVisualStudioVersion = 10.0.40219.1
Project("{FAE04EC0-301F-11D3-BF4B-00C04F79EFBC}") = "QuadraticEquation", "QuadraticEquation.csproj", "{06805469-5EE8-4AF5-815B-D9197D928DE4}"
EndProject
Global
	GlobalSection(SolutionConfigurationPlatforms) = preSolution
		Debug|Any CPU = Debug|Any CPU
		Release|Any CPU = Release|Any CPU
	EndGlobalSection
	GlobalSection(ProjectConfigurationPlatforms) = postSolution
		{06805469-5EE8-4AF5-815B-D9197D928DE4}.Debug|Any CPU.ActiveCfg = Debug|Any CPU
		{06805469-5EE8-4AF5-815B-D9197D928DE4}.Debug|Any CPU.Build.0 = Debug|Any CPU
		{06805469-5EE8-4AF5-815B-D9197D928DE4}.Release|Any CPU.ActiveCfg = Release|Any CPU
		{06805469-5EE8-4AF5-815B-D9197D928DE4}.Release|Any CPU.Build.0 = Release|Any CPU
	EndGlobalSection
	GlobalSection(SolutionProperties) = preSolution
		HideSolutionNode = FALSE
	EndGlobalSection
	GlobalSection(ExtensibilityGlobals) = postSolution
		SolutionGuid = {84A0940E-99BC-49FD-B9E0-F2F913D5BD6D}
	EndGlobalSection
EndGlobal
