
Microsoft Visual Studio Solution File, Format Version 12.00
# Visual Studio Version 16
VisualStudioVersion = 16.0.30309.148
MinimumVisualStudioVersion = 10.0.40219.1
Project("{FAE04EC0-301F-11D3-BF4B-00C04F79EFBC}") = "CircelInheritance", "CircelInheritance.csproj", "{3C82201C-979D-4E7E-9E5C-9A85CABA66D2}"
EndProject
Global
	GlobalSection(SolutionConfigurationPlatforms) = preSolution
		Debug|Any CPU = Debug|Any CPU
		Release|Any CPU = Release|Any CPU
	EndGlobalSection
	GlobalSection(ProjectConfigurationPlatforms) = postSolution
		{3C82201C-979D-4E7E-9E5C-9A85CABA66D2}.Debug|Any CPU.ActiveCfg = Debug|Any CPU
		{3C82201C-979D-4E7E-9E5C-9A85CABA66D2}.Debug|Any CPU.Build.0 = Debug|Any CPU
		{3C82201C-979D-4E7E-9E5C-9A85CABA66D2}.Release|Any CPU.ActiveCfg = Release|Any CPU
		{3C82201C-979D-4E7E-9E5C-9A85CABA66D2}.Release|Any CPU.Build.0 = Release|Any CPU
	EndGlobalSection
	GlobalSection(SolutionProperties) = preSolution
		HideSolutionNode = FALSE
	EndGlobalSection
	GlobalSection(ExtensibilityGlobals) = postSolution
		SolutionGuid = {22DFECC2-18FE-4D0A-9BF5-07D0DE02C93D}
	EndGlobalSection
EndGlobal
