
Microsoft Visual Studio Solution File, Format Version 12.00
# Visual Studio Version 16
VisualStudioVersion = 16.0.30309.148
MinimumVisualStudioVersion = 10.0.40219.1
Project("{FAE04EC0-301F-11D3-BF4B-00C04F79EFBC}") = "CalculateInterestRate", "CalculateInterestRate.csproj", "{DDF92FA8-59AB-45FC-9CC9-0A55AD6B7773}"
EndProject
Global
	GlobalSection(SolutionConfigurationPlatforms) = preSolution
		Debug|Any CPU = Debug|Any CPU
		Release|Any CPU = Release|Any CPU
	EndGlobalSection
	GlobalSection(ProjectConfigurationPlatforms) = postSolution
		{DDF92FA8-59AB-45FC-9CC9-0A55AD6B7773}.Debug|Any CPU.ActiveCfg = Debug|Any CPU
		{DDF92FA8-59AB-45FC-9CC9-0A55AD6B7773}.Debug|Any CPU.Build.0 = Debug|Any CPU
		{DDF92FA8-59AB-45FC-9CC9-0A55AD6B7773}.Release|Any CPU.ActiveCfg = Release|Any CPU
		{DDF92FA8-59AB-45FC-9CC9-0A55AD6B7773}.Release|Any CPU.Build.0 = Release|Any CPU
	EndGlobalSection
	GlobalSection(SolutionProperties) = preSolution
		HideSolutionNode = FALSE
	EndGlobalSection
	GlobalSection(ExtensibilityGlobals) = postSolution
		SolutionGuid = {CFED720D-F69E-4C65-82E5-4469271B016D}
	EndGlobalSection
EndGlobal
