
Microsoft Visual Studio Solution File, Format Version 12.00
# Visual Studio Version 16
VisualStudioVersion = 16.0.30309.148
MinimumVisualStudioVersion = 10.0.40219.1
Project("{FAE04EC0-301F-11D3-BF4B-00C04F79EFBC}") = "CountAppearance", "CountAppearance.csproj", "{F418178E-EDF2-40A5-82A4-9E5BAD02B7C2}"
EndProject
Global
	GlobalSection(SolutionConfigurationPlatforms) = preSolution
		Debug|Any CPU = Debug|Any CPU
		Release|Any CPU = Release|Any CPU
	EndGlobalSection
	GlobalSection(ProjectConfigurationPlatforms) = postSolution
		{F418178E-EDF2-40A5-82A4-9E5BAD02B7C2}.Debug|Any CPU.ActiveCfg = Debug|Any CPU
		{F418178E-EDF2-40A5-82A4-9E5BAD02B7C2}.Debug|Any CPU.Build.0 = Debug|Any CPU
		{F418178E-EDF2-40A5-82A4-9E5BAD02B7C2}.Release|Any CPU.ActiveCfg = Release|Any CPU
		{F418178E-EDF2-40A5-82A4-9E5BAD02B7C2}.Release|Any CPU.Build.0 = Release|Any CPU
	EndGlobalSection
	GlobalSection(SolutionProperties) = preSolution
		HideSolutionNode = FALSE
	EndGlobalSection
	GlobalSection(ExtensibilityGlobals) = postSolution
		SolutionGuid = {9C8D96BF-A254-4055-A3FF-68CE08454094}
	EndGlobalSection
EndGlobal
