
Microsoft Visual Studio Solution File, Format Version 12.00
# Visual Studio Version 16
VisualStudioVersion = 16.0.30309.148
MinimumVisualStudioVersion = 10.0.40219.1
Project("{FAE04EC0-301F-11D3-BF4B-00C04F79EFBC}") = "Swapnumber", "Swapnumber.csproj", "{1E012EE2-7C32-4CEA-8AA2-52F8DE02665D}"
EndProject
Global
	GlobalSection(SolutionConfigurationPlatforms) = preSolution
		Debug|Any CPU = Debug|Any CPU
		Release|Any CPU = Release|Any CPU
	EndGlobalSection
	GlobalSection(ProjectConfigurationPlatforms) = postSolution
		{1E012EE2-7C32-4CEA-8AA2-52F8DE02665D}.Debug|Any CPU.ActiveCfg = Debug|Any CPU
		{1E012EE2-7C32-4CEA-8AA2-52F8DE02665D}.Debug|Any CPU.Build.0 = Debug|Any CPU
		{1E012EE2-7C32-4CEA-8AA2-52F8DE02665D}.Release|Any CPU.ActiveCfg = Release|Any CPU
		{1E012EE2-7C32-4CEA-8AA2-52F8DE02665D}.Release|Any CPU.Build.0 = Release|Any CPU
	EndGlobalSection
	GlobalSection(SolutionProperties) = preSolution
		HideSolutionNode = FALSE
	EndGlobalSection
	GlobalSection(ExtensibilityGlobals) = postSolution
		SolutionGuid = {3463EE6B-E0B0-4F2C-8C72-BD59E41D6AF3}
	EndGlobalSection
EndGlobal
