
Microsoft Visual Studio Solution File, Format Version 12.00
# Visual Studio Version 16
VisualStudioVersion = 16.0.30309.148
MinimumVisualStudioVersion = 10.0.40219.1
Project("{FAE04EC0-301F-11D3-BF4B-00C04F79EFBC}") = "LinearEquation", "LinearEquation.csproj", "{C34858C3-5FCE-4E46-A1DC-565522FA46D8}"
EndProject
Global
	GlobalSection(SolutionConfigurationPlatforms) = preSolution
		Debug|Any CPU = Debug|Any CPU
		Release|Any CPU = Release|Any CPU
	EndGlobalSection
	GlobalSection(ProjectConfigurationPlatforms) = postSolution
		{C34858C3-5FCE-4E46-A1DC-565522FA46D8}.Debug|Any CPU.ActiveCfg = Debug|Any CPU
		{C34858C3-5FCE-4E46-A1DC-565522FA46D8}.Debug|Any CPU.Build.0 = Debug|Any CPU
		{C34858C3-5FCE-4E46-A1DC-565522FA46D8}.Release|Any CPU.ActiveCfg = Release|Any CPU
		{C34858C3-5FCE-4E46-A1DC-565522FA46D8}.Release|Any CPU.Build.0 = Release|Any CPU
	EndGlobalSection
	GlobalSection(SolutionProperties) = preSolution
		HideSolutionNode = FALSE
	EndGlobalSection
	GlobalSection(ExtensibilityGlobals) = postSolution
		SolutionGuid = {5605EB38-8C13-4BBF-9EAC-010A906B9F3C}
	EndGlobalSection
EndGlobal
