
Microsoft Visual Studio Solution File, Format Version 12.00
# Visual Studio Version 16
VisualStudioVersion = 16.0.30309.148
MinimumVisualStudioVersion = 10.0.40219.1
Project("{FAE04EC0-301F-11D3-BF4B-00C04F79EFBC}") = "ShapeBaseClass", "ShapeBaseClass.csproj", "{A5EA5321-A04D-4A0D-AA99-7915A61A0FBB}"
EndProject
Global
	GlobalSection(SolutionConfigurationPlatforms) = preSolution
		Debug|Any CPU = Debug|Any CPU
		Release|Any CPU = Release|Any CPU
	EndGlobalSection
	GlobalSection(ProjectConfigurationPlatforms) = postSolution
		{A5EA5321-A04D-4A0D-AA99-7915A61A0FBB}.Debug|Any CPU.ActiveCfg = Debug|Any CPU
		{A5EA5321-A04D-4A0D-AA99-7915A61A0FBB}.Debug|Any CPU.Build.0 = Debug|Any CPU
		{A5EA5321-A04D-4A0D-AA99-7915A61A0FBB}.Release|Any CPU.ActiveCfg = Release|Any CPU
		{A5EA5321-A04D-4A0D-AA99-7915A61A0FBB}.Release|Any CPU.Build.0 = Release|Any CPU
	EndGlobalSection
	GlobalSection(SolutionProperties) = preSolution
		HideSolutionNode = FALSE
	EndGlobalSection
	GlobalSection(ExtensibilityGlobals) = postSolution
		SolutionGuid = {873E0272-144D-48AA-9529-7ED025D6C0D2}
	EndGlobalSection
EndGlobal
