
Microsoft Visual Studio Solution File, Format Version 12.00
# Visual Studio Version 16
VisualStudioVersion = 16.0.30406.217
MinimumVisualStudioVersion = 10.0.40219.1
Project("{FAE04EC0-301F-11D3-BF4B-00C04F79EFBC}") = "IndexOutOfRangeException", "IndexOutOfRangeException.csproj", "{01926156-63F8-4210-A37B-DA50F9A78B08}"
EndProject
Global
	GlobalSection(SolutionConfigurationPlatforms) = preSolution
		Debug|Any CPU = Debug|Any CPU
		Release|Any CPU = Release|Any CPU
	EndGlobalSection
	GlobalSection(ProjectConfigurationPlatforms) = postSolution
		{01926156-63F8-4210-A37B-DA50F9A78B08}.Debug|Any CPU.ActiveCfg = Debug|Any CPU
		{01926156-63F8-4210-A37B-DA50F9A78B08}.Debug|Any CPU.Build.0 = Debug|Any CPU
		{01926156-63F8-4210-A37B-DA50F9A78B08}.Release|Any CPU.ActiveCfg = Release|Any CPU
		{01926156-63F8-4210-A37B-DA50F9A78B08}.Release|Any CPU.Build.0 = Release|Any CPU
	EndGlobalSection
	GlobalSection(SolutionProperties) = preSolution
		HideSolutionNode = FALSE
	EndGlobalSection
	GlobalSection(ExtensibilityGlobals) = postSolution
		SolutionGuid = {6E1FD6CA-D270-4424-8236-887245888FE2}
	EndGlobalSection
EndGlobal
