
Microsoft Visual Studio Solution File, Format Version 12.00
# Visual Studio Version 16
VisualStudioVersion = 16.0.30406.217
MinimumVisualStudioVersion = 10.0.40219.1
Project("{FAE04EC0-301F-11D3-BF4B-00C04F79EFBC}") = "ASP_Selection_sort", "ASP_Selection_sort.csproj", "{C60783B2-43AA-43F8-BE8C-D642EAB435A9}"
EndProject
Global
	GlobalSection(SolutionConfigurationPlatforms) = preSolution
		Debug|Any CPU = Debug|Any CPU
		Release|Any CPU = Release|Any CPU
	EndGlobalSection
	GlobalSection(ProjectConfigurationPlatforms) = postSolution
		{C60783B2-43AA-43F8-BE8C-D642EAB435A9}.Debug|Any CPU.ActiveCfg = Debug|Any CPU
		{C60783B2-43AA-43F8-BE8C-D642EAB435A9}.Debug|Any CPU.Build.0 = Debug|Any CPU
		{C60783B2-43AA-43F8-BE8C-D642EAB435A9}.Release|Any CPU.ActiveCfg = Release|Any CPU
		{C60783B2-43AA-43F8-BE8C-D642EAB435A9}.Release|Any CPU.Build.0 = Release|Any CPU
	EndGlobalSection
	GlobalSection(SolutionProperties) = preSolution
		HideSolutionNode = FALSE
	EndGlobalSection
	GlobalSection(ExtensibilityGlobals) = postSolution
		SolutionGuid = {FACE0899-2F51-44C3-B2B3-6A757369BB53}
	EndGlobalSection
EndGlobal
