
Microsoft Visual Studio Solution File, Format Version 12.00
# Visual Studio Version 16
VisualStudioVersion = 16.0.30406.217
MinimumVisualStudioVersion = 10.0.40219.1
Project("{FAE04EC0-301F-11D3-BF4B-00C04F79EFBC}") = "ArrayListClone", "ArrayListClone.csproj", "{F70FB5CF-096F-4AF8-A333-73B851D5C338}"
EndProject
Global
	GlobalSection(SolutionConfigurationPlatforms) = preSolution
		Debug|Any CPU = Debug|Any CPU
		Release|Any CPU = Release|Any CPU
	EndGlobalSection
	GlobalSection(ProjectConfigurationPlatforms) = postSolution
		{F70FB5CF-096F-4AF8-A333-73B851D5C338}.Debug|Any CPU.ActiveCfg = Debug|Any CPU
		{F70FB5CF-096F-4AF8-A333-73B851D5C338}.Debug|Any CPU.Build.0 = Debug|Any CPU
		{F70FB5CF-096F-4AF8-A333-73B851D5C338}.Release|Any CPU.ActiveCfg = Release|Any CPU
		{F70FB5CF-096F-4AF8-A333-73B851D5C338}.Release|Any CPU.Build.0 = Release|Any CPU
	EndGlobalSection
	GlobalSection(SolutionProperties) = preSolution
		HideSolutionNode = FALSE
	EndGlobalSection
	GlobalSection(ExtensibilityGlobals) = postSolution
		SolutionGuid = {C44210ED-B317-4066-A5F1-463FA1F40BFA}
	EndGlobalSection
EndGlobal
