
Microsoft Visual Studio Solution File, Format Version 12.00
# Visual Studio Version 16
VisualStudioVersion = 16.0.30406.217
MinimumVisualStudioVersion = 10.0.40219.1
Project("{FAE04EC0-301F-11D3-BF4B-00C04F79EFBC}") = "FileNotFounda_Exception", "FileNotFounda_Exception.csproj", "{21974968-D383-4935-BDF1-21BEB676A88D}"
EndProject
Global
	GlobalSection(SolutionConfigurationPlatforms) = preSolution
		Debug|Any CPU = Debug|Any CPU
		Release|Any CPU = Release|Any CPU
	EndGlobalSection
	GlobalSection(ProjectConfigurationPlatforms) = postSolution
		{21974968-D383-4935-BDF1-21BEB676A88D}.Debug|Any CPU.ActiveCfg = Debug|Any CPU
		{21974968-D383-4935-BDF1-21BEB676A88D}.Debug|Any CPU.Build.0 = Debug|Any CPU
		{21974968-D383-4935-BDF1-21BEB676A88D}.Release|Any CPU.ActiveCfg = Release|Any CPU
		{21974968-D383-4935-BDF1-21BEB676A88D}.Release|Any CPU.Build.0 = Release|Any CPU
	EndGlobalSection
	GlobalSection(SolutionProperties) = preSolution
		HideSolutionNode = FALSE
	EndGlobalSection
	GlobalSection(ExtensibilityGlobals) = postSolution
		SolutionGuid = {7308E0C2-50D1-4E68-A74D-439ACDB93F64}
	EndGlobalSection
EndGlobal
