
Microsoft Visual Studio Solution File, Format Version 12.00
# Visual Studio Version 16
VisualStudioVersion = 16.0.30406.217
MinimumVisualStudioVersion = 10.0.40219.1
Project("{FAE04EC0-301F-11D3-BF4B-00C04F79EFBC}") = "MyLinkedList", "MyLinkedList.csproj", "{3D22F1FD-5295-411B-B3B5-1F88328ED242}"
EndProject
Global
	GlobalSection(SolutionConfigurationPlatforms) = preSolution
		Debug|Any CPU = Debug|Any CPU
		Release|Any CPU = Release|Any CPU
	EndGlobalSection
	GlobalSection(ProjectConfigurationPlatforms) = postSolution
		{3D22F1FD-5295-411B-B3B5-1F88328ED242}.Debug|Any CPU.ActiveCfg = Debug|Any CPU
		{3D22F1FD-5295-411B-B3B5-1F88328ED242}.Debug|Any CPU.Build.0 = Debug|Any CPU
		{3D22F1FD-5295-411B-B3B5-1F88328ED242}.Release|Any CPU.ActiveCfg = Release|Any CPU
		{3D22F1FD-5295-411B-B3B5-1F88328ED242}.Release|Any CPU.Build.0 = Release|Any CPU
	EndGlobalSection
	GlobalSection(SolutionProperties) = preSolution
		HideSolutionNode = FALSE
	EndGlobalSection
	GlobalSection(ExtensibilityGlobals) = postSolution
		SolutionGuid = {071690E5-9183-4DF4-A2F9-4AB5320EC8C5}
	EndGlobalSection
EndGlobal
