
Microsoft Visual Studio Solution File, Format Version 12.00
# Visual Studio Version 16
VisualStudioVersion = 16.0.30406.217
MinimumVisualStudioVersion = 10.0.40219.1
Project("{FAE04EC0-301F-11D3-BF4B-00C04F79EFBC}") = "ASP_Insertion_sort", "ASP_Insertion_sort.csproj", "{F67BA145-7F8C-4FD0-A5D8-4806FC0B2555}"
EndProject
Global
	GlobalSection(SolutionConfigurationPlatforms) = preSolution
		Debug|Any CPU = Debug|Any CPU
		Release|Any CPU = Release|Any CPU
	EndGlobalSection
	GlobalSection(ProjectConfigurationPlatforms) = postSolution
		{F67BA145-7F8C-4FD0-A5D8-4806FC0B2555}.Debug|Any CPU.ActiveCfg = Debug|Any CPU
		{F67BA145-7F8C-4FD0-A5D8-4806FC0B2555}.Debug|Any CPU.Build.0 = Debug|Any CPU
		{F67BA145-7F8C-4FD0-A5D8-4806FC0B2555}.Release|Any CPU.ActiveCfg = Release|Any CPU
		{F67BA145-7F8C-4FD0-A5D8-4806FC0B2555}.Release|Any CPU.Build.0 = Release|Any CPU
	EndGlobalSection
	GlobalSection(SolutionProperties) = preSolution
		HideSolutionNode = FALSE
	EndGlobalSection
	GlobalSection(ExtensibilityGlobals) = postSolution
		SolutionGuid = {0FD377B7-8062-4F5D-A0C3-E5CE21954E86}
	EndGlobalSection
EndGlobal
