
Microsoft Visual Studio Solution File, Format Version 12.00
# Visual Studio Version 16
VisualStudioVersion = 16.0.30309.148
MinimumVisualStudioVersion = 10.0.40219.1
Project("{FAE04EC0-301F-11D3-BF4B-00C04F79EFBC}") = "CheckPassStudents", "CheckPassStudents.csproj", "{DAEC4723-DDE1-4DFD-8CE1-E76DCA2EBC1E}"
EndProject
Global
	GlobalSection(SolutionConfigurationPlatforms) = preSolution
		Debug|Any CPU = Debug|Any CPU
		Release|Any CPU = Release|Any CPU
	EndGlobalSection
	GlobalSection(ProjectConfigurationPlatforms) = postSolution
		{DAEC4723-DDE1-4DFD-8CE1-E76DCA2EBC1E}.Debug|Any CPU.ActiveCfg = Debug|Any CPU
		{DAEC4723-DDE1-4DFD-8CE1-E76DCA2EBC1E}.Debug|Any CPU.Build.0 = Debug|Any CPU
		{DAEC4723-DDE1-4DFD-8CE1-E76DCA2EBC1E}.Release|Any CPU.ActiveCfg = Release|Any CPU
		{DAEC4723-DDE1-4DFD-8CE1-E76DCA2EBC1E}.Release|Any CPU.Build.0 = Release|Any CPU
	EndGlobalSection
	GlobalSection(SolutionProperties) = preSolution
		HideSolutionNode = FALSE
	EndGlobalSection
	GlobalSection(ExtensibilityGlobals) = postSolution
		SolutionGuid = {C4757DBE-DF0C-4DC1-A810-DBCB266EA0C7}
	EndGlobalSection
EndGlobal
