
Microsoft Visual Studio Solution File, Format Version 12.00
# Visual Studio Version 16
VisualStudioVersion = 16.0.30309.148
MinimumVisualStudioVersion = 10.0.40219.1
Project("{FAE04EC0-301F-11D3-BF4B-00C04F79EFBC}") = "Draw", "Draw.csproj", "{E119A242-7998-4A6C-A5E0-9CBBF874DA1F}"
EndProject
Global
	GlobalSection(SolutionConfigurationPlatforms) = preSolution
		Debug|Any CPU = Debug|Any CPU
		Release|Any CPU = Release|Any CPU
	EndGlobalSection
	GlobalSection(ProjectConfigurationPlatforms) = postSolution
		{E119A242-7998-4A6C-A5E0-9CBBF874DA1F}.Debug|Any CPU.ActiveCfg = Debug|Any CPU
		{E119A242-7998-4A6C-A5E0-9CBBF874DA1F}.Debug|Any CPU.Build.0 = Debug|Any CPU
		{E119A242-7998-4A6C-A5E0-9CBBF874DA1F}.Release|Any CPU.ActiveCfg = Release|Any CPU
		{E119A242-7998-4A6C-A5E0-9CBBF874DA1F}.Release|Any CPU.Build.0 = Release|Any CPU
	EndGlobalSection
	GlobalSection(SolutionProperties) = preSolution
		HideSolutionNode = FALSE
	EndGlobalSection
	GlobalSection(ExtensibilityGlobals) = postSolution
		SolutionGuid = {BB3FA254-1B2D-480F-B819-058B6120AEC1}
	EndGlobalSection
EndGlobal
