
Microsoft Visual Studio Solution File, Format Version 12.00
# Visual Studio Version 16
VisualStudioVersion = 16.0.30406.217
MinimumVisualStudioVersion = 10.0.40219.1
Project("{FAE04EC0-301F-11D3-BF4B-00C04F79EFBC}") = "DecimaltoBinaryStack", "DecimaltoBinaryStack.csproj", "{C9CBAA3C-82A7-4283-96EE-55E1405C9235}"
EndProject
Global
	GlobalSection(SolutionConfigurationPlatforms) = preSolution
		Debug|Any CPU = Debug|Any CPU
		Release|Any CPU = Release|Any CPU
	EndGlobalSection
	GlobalSection(ProjectConfigurationPlatforms) = postSolution
		{C9CBAA3C-82A7-4283-96EE-55E1405C9235}.Debug|Any CPU.ActiveCfg = Debug|Any CPU
		{C9CBAA3C-82A7-4283-96EE-55E1405C9235}.Debug|Any CPU.Build.0 = Debug|Any CPU
		{C9CBAA3C-82A7-4283-96EE-55E1405C9235}.Release|Any CPU.ActiveCfg = Release|Any CPU
		{C9CBAA3C-82A7-4283-96EE-55E1405C9235}.Release|Any CPU.Build.0 = Release|Any CPU
	EndGlobalSection
	GlobalSection(SolutionProperties) = preSolution
		HideSolutionNode = FALSE
	EndGlobalSection
	GlobalSection(ExtensibilityGlobals) = postSolution
		SolutionGuid = {3FD58F63-3444-4BF1-A7DD-03C5D1280276}
	EndGlobalSection
EndGlobal
