
Microsoft Visual Studio Solution File, Format Version 12.00
# Visual Studio Version 16
VisualStudioVersion = 16.0.30406.217
MinimumVisualStudioVersion = 10.0.40219.1
Project("{FAE04EC0-301F-11D3-BF4B-00C04F79EFBC}") = "Get_and_Control_Thread", "Get_and_Control_Thread.csproj", "{29AE20C0-E2B9-4C09-A17B-29FF979618C1}"
EndProject
Global
	GlobalSection(SolutionConfigurationPlatforms) = preSolution
		Debug|Any CPU = Debug|Any CPU
		Release|Any CPU = Release|Any CPU
	EndGlobalSection
	GlobalSection(ProjectConfigurationPlatforms) = postSolution
		{29AE20C0-E2B9-4C09-A17B-29FF979618C1}.Debug|Any CPU.ActiveCfg = Debug|Any CPU
		{29AE20C0-E2B9-4C09-A17B-29FF979618C1}.Debug|Any CPU.Build.0 = Debug|Any CPU
		{29AE20C0-E2B9-4C09-A17B-29FF979618C1}.Release|Any CPU.ActiveCfg = Release|Any CPU
		{29AE20C0-E2B9-4C09-A17B-29FF979618C1}.Release|Any CPU.Build.0 = Release|Any CPU
	EndGlobalSection
	GlobalSection(SolutionProperties) = preSolution
		HideSolutionNode = FALSE
	EndGlobalSection
	GlobalSection(ExtensibilityGlobals) = postSolution
		SolutionGuid = {3BC6651F-1D81-43D8-AA1E-7113176A0485}
	EndGlobalSection
EndGlobal
