
Microsoft Visual Studio Solution File, Format Version 12.00
# Visual Studio Version 16
VisualStudioVersion = 16.0.30406.217
MinimumVisualStudioVersion = 10.0.40219.1
Project("{FAE04EC0-301F-11D3-BF4B-00C04F79EFBC}") = "QueueArray", "QueueArray.csproj", "{FCC7B3BE-EA5E-4863-90F0-68010A11AE1A}"
EndProject
Global
	GlobalSection(SolutionConfigurationPlatforms) = preSolution
		Debug|Any CPU = Debug|Any CPU
		Release|Any CPU = Release|Any CPU
	EndGlobalSection
	GlobalSection(ProjectConfigurationPlatforms) = postSolution
		{FCC7B3BE-EA5E-4863-90F0-68010A11AE1A}.Debug|Any CPU.ActiveCfg = Debug|Any CPU
		{FCC7B3BE-EA5E-4863-90F0-68010A11AE1A}.Debug|Any CPU.Build.0 = Debug|Any CPU
		{FCC7B3BE-EA5E-4863-90F0-68010A11AE1A}.Release|Any CPU.ActiveCfg = Release|Any CPU
		{FCC7B3BE-EA5E-4863-90F0-68010A11AE1A}.Release|Any CPU.Build.0 = Release|Any CPU
	EndGlobalSection
	GlobalSection(SolutionProperties) = preSolution
		HideSolutionNode = FALSE
	EndGlobalSection
	GlobalSection(ExtensibilityGlobals) = postSolution
		SolutionGuid = {056F9066-7600-4751-93C7-AF1500AC0486}
	EndGlobalSection
EndGlobal
