
Microsoft Visual Studio Solution File, Format Version 12.00
# Visual Studio Version 16
VisualStudioVersion = 16.0.30406.217
MinimumVisualStudioVersion = 10.0.40219.1
Project("{FAE04EC0-301F-11D3-BF4B-00C04F79EFBC}") = "ListGenericSample", "ListGenericSample.csproj", "{762BAA28-7DC9-42AF-9DAF-0E8F19B87B9F}"
EndProject
Global
	GlobalSection(SolutionConfigurationPlatforms) = preSolution
		Debug|Any CPU = Debug|Any CPU
		Release|Any CPU = Release|Any CPU
	EndGlobalSection
	GlobalSection(ProjectConfigurationPlatforms) = postSolution
		{762BAA28-7DC9-42AF-9DAF-0E8F19B87B9F}.Debug|Any CPU.ActiveCfg = Debug|Any CPU
		{762BAA28-7DC9-42AF-9DAF-0E8F19B87B9F}.Debug|Any CPU.Build.0 = Debug|Any CPU
		{762BAA28-7DC9-42AF-9DAF-0E8F19B87B9F}.Release|Any CPU.ActiveCfg = Release|Any CPU
		{762BAA28-7DC9-42AF-9DAF-0E8F19B87B9F}.Release|Any CPU.Build.0 = Release|Any CPU
	EndGlobalSection
	GlobalSection(SolutionProperties) = preSolution
		HideSolutionNode = FALSE
	EndGlobalSection
	GlobalSection(ExtensibilityGlobals) = postSolution
		SolutionGuid = {36593A90-713F-49CC-B273-EE2B364693C7}
	EndGlobalSection
EndGlobal
